
Microsoft Visual Studio Solution File, Format Version 12.00
# Visual Studio 14
VisualStudioVersion = 14.0.25420.1
MinimumVisualStudioVersion = 10.0.40219.1
Project("{FAE04EC0-301F-11D3-BF4B-00C04F79EFBC}") = "MarketClient", "MarketClient\MarketClient.csproj", "{371E8EA8-CE7A-4AB2-85E5-EAC135DF4A26}"
EndProject
Project("{FAE04EC0-301F-11D3-BF4B-00C04F79EFBC}") = "MarketClientTest", "MarketClientTest\MarketClientTest.csproj", "{A8C39E49-DE50-4EFD-A248-FE168DD031A6}"
EndProject
Project("{FAE04EC0-301F-11D3-BF4B-00C04F79EFBC}") = "CLI", "ConsoleApplication1\CLI.csproj", "{31EF31A4-3596-405F-95C3-04AD1C8B22CA}"
EndProject
Project("{FAE04EC0-301F-11D3-BF4B-00C04F79EFBC}") = "GUIprim", "WpfApplication1\GUIprim.csproj", "{41FBD9F2-4606-4102-BE1C-9EF0B5BB6AFC}"
EndProject
Global
	GlobalSection(SolutionConfigurationPlatforms) = preSolution
		Debug|Any CPU = Debug|Any CPU
		Debug|ARM = Debug|ARM
		Debug|x64 = Debug|x64
		Debug|x86 = Debug|x86
		Release|Any CPU = Release|Any CPU
		Release|ARM = Release|ARM
		Release|x64 = Release|x64
		Release|x86 = Release|x86
	EndGlobalSection
	GlobalSection(ProjectConfigurationPlatforms) = postSolution
		{371E8EA8-CE7A-4AB2-85E5-EAC135DF4A26}.Debug|Any CPU.ActiveCfg = Debug|Any CPU
		{371E8EA8-CE7A-4AB2-85E5-EAC135DF4A26}.Debug|Any CPU.Build.0 = Debug|Any CPU
		{371E8EA8-CE7A-4AB2-85E5-EAC135DF4A26}.Debug|ARM.ActiveCfg = Debug|Any CPU
		{371E8EA8-CE7A-4AB2-85E5-EAC135DF4A26}.Debug|x64.ActiveCfg = Debug|Any CPU
		{371E8EA8-CE7A-4AB2-85E5-EAC135DF4A26}.Debug|x86.ActiveCfg = Debug|Any CPU
		{371E8EA8-CE7A-4AB2-85E5-EAC135DF4A26}.Release|Any CPU.ActiveCfg = Release|Any CPU
		{371E8EA8-CE7A-4AB2-85E5-EAC135DF4A26}.Release|Any CPU.Build.0 = Release|Any CPU
		{371E8EA8-CE7A-4AB2-85E5-EAC135DF4A26}.Release|ARM.ActiveCfg = Release|Any CPU
		{371E8EA8-CE7A-4AB2-85E5-EAC135DF4A26}.Release|x64.ActiveCfg = Release|Any CPU
		{371E8EA8-CE7A-4AB2-85E5-EAC135DF4A26}.Release|x86.ActiveCfg = Release|Any CPU
		{A8C39E49-DE50-4EFD-A248-FE168DD031A6}.Debug|Any CPU.ActiveCfg = Debug|Any CPU
		{A8C39E49-DE50-4EFD-A248-FE168DD031A6}.Debug|Any CPU.Build.0 = Debug|Any CPU
		{A8C39E49-DE50-4EFD-A248-FE168DD031A6}.Debug|ARM.ActiveCfg = Debug|Any CPU
		{A8C39E49-DE50-4EFD-A248-FE168DD031A6}.Debug|ARM.Build.0 = Debug|Any CPU
		{A8C39E49-DE50-4EFD-A248-FE168DD031A6}.Debug|x64.ActiveCfg = Debug|Any CPU
		{A8C39E49-DE50-4EFD-A248-FE168DD031A6}.Debug|x64.Build.0 = Debug|Any CPU
		{A8C39E49-DE50-4EFD-A248-FE168DD031A6}.Debug|x86.ActiveCfg = Debug|Any CPU
		{A8C39E49-DE50-4EFD-A248-FE168DD031A6}.Debug|x86.Build.0 = Debug|Any CPU
		{A8C39E49-DE50-4EFD-A248-FE168DD031A6}.Release|Any CPU.ActiveCfg = Release|Any CPU
		{A8C39E49-DE50-4EFD-A248-FE168DD031A6}.Release|Any CPU.Build.0 = Release|Any CPU
		{A8C39E49-DE50-4EFD-A248-FE168DD031A6}.Release|ARM.ActiveCfg = Release|Any CPU
		{A8C39E49-DE50-4EFD-A248-FE168DD031A6}.Release|ARM.Build.0 = Release|Any CPU
		{A8C39E49-DE50-4EFD-A248-FE168DD031A6}.Release|x64.ActiveCfg = Release|Any CPU
		{A8C39E49-DE50-4EFD-A248-FE168DD031A6}.Release|x64.Build.0 = Release|Any CPU
		{A8C39E49-DE50-4EFD-A248-FE168DD031A6}.Release|x86.ActiveCfg = Release|Any CPU
		{A8C39E49-DE50-4EFD-A248-FE168DD031A6}.Release|x86.Build.0 = Release|Any CPU
		{31EF31A4-3596-405F-95C3-04AD1C8B22CA}.Debug|Any CPU.ActiveCfg = Debug|Any CPU
		{31EF31A4-3596-405F-95C3-04AD1C8B22CA}.Debug|Any CPU.Build.0 = Debug|Any CPU
		{31EF31A4-3596-405F-95C3-04AD1C8B22CA}.Debug|ARM.ActiveCfg = Debug|Any CPU
		{31EF31A4-3596-405F-95C3-04AD1C8B22CA}.Debug|ARM.Build.0 = Debug|Any CPU
		{31EF31A4-3596-405F-95C3-04AD1C8B22CA}.Debug|x64.ActiveCfg = Debug|Any CPU
		{31EF31A4-3596-405F-95C3-04AD1C8B22CA}.Debug|x64.Build.0 = Debug|Any CPU
		{31EF31A4-3596-405F-95C3-04AD1C8B22CA}.Debug|x86.ActiveCfg = Debug|Any CPU
		{31EF31A4-3596-405F-95C3-04AD1C8B22CA}.Debug|x86.Build.0 = Debug|Any CPU
		{31EF31A4-3596-405F-95C3-04AD1C8B22CA}.Release|Any CPU.ActiveCfg = Release|Any CPU
		{31EF31A4-3596-405F-95C3-04AD1C8B22CA}.Release|Any CPU.Build.0 = Release|Any CPU
		{31EF31A4-3596-405F-95C3-04AD1C8B22CA}.Release|ARM.ActiveCfg = Release|Any CPU
		{31EF31A4-3596-405F-95C3-04AD1C8B22CA}.Release|ARM.Build.0 = Release|Any CPU
		{31EF31A4-3596-405F-95C3-04AD1C8B22CA}.Release|x64.ActiveCfg = Release|Any CPU
		{31EF31A4-3596-405F-95C3-04AD1C8B22CA}.Release|x64.Build.0 = Release|Any CPU
		{31EF31A4-3596-405F-95C3-04AD1C8B22CA}.Release|x86.ActiveCfg = Release|Any CPU
		{31EF31A4-3596-405F-95C3-04AD1C8B22CA}.Release|x86.Build.0 = Release|Any CPU
		{41FBD9F2-4606-4102-BE1C-9EF0B5BB6AFC}.Debug|Any CPU.ActiveCfg = Debug|Any CPU
		{41FBD9F2-4606-4102-BE1C-9EF0B5BB6AFC}.Debug|Any CPU.Build.0 = Debug|Any CPU
		{41FBD9F2-4606-4102-BE1C-9EF0B5BB6AFC}.Debug|ARM.ActiveCfg = Debug|Any CPU
		{41FBD9F2-4606-4102-BE1C-9EF0B5BB6AFC}.Debug|ARM.Build.0 = Debug|Any CPU
		{41FBD9F2-4606-4102-BE1C-9EF0B5BB6AFC}.Debug|x64.ActiveCfg = Debug|Any CPU
		{41FBD9F2-4606-4102-BE1C-9EF0B5BB6AFC}.Debug|x64.Build.0 = Debug|Any CPU
		{41FBD9F2-4606-4102-BE1C-9EF0B5BB6AFC}.Debug|x86.ActiveCfg = Debug|Any CPU
		{41FBD9F2-4606-4102-BE1C-9EF0B5BB6AFC}.Debug|x86.Build.0 = Debug|Any CPU
		{41FBD9F2-4606-4102-BE1C-9EF0B5BB6AFC}.Release|Any CPU.ActiveCfg = Release|Any CPU
		{41FBD9F2-4606-4102-BE1C-9EF0B5BB6AFC}.Release|Any CPU.Build.0 = Release|Any CPU
		{41FBD9F2-4606-4102-BE1C-9EF0B5BB6AFC}.Release|ARM.ActiveCfg = Release|Any CPU
		{41FBD9F2-4606-4102-BE1C-9EF0B5BB6AFC}.Release|ARM.Build.0 = Release|Any CPU
		{41FBD9F2-4606-4102-BE1C-9EF0B5BB6AFC}.Release|x64.ActiveCfg = Release|Any CPU
		{41FBD9F2-4606-4102-BE1C-9EF0B5BB6AFC}.Release|x64.Build.0 = Release|Any CPU
		{41FBD9F2-4606-4102-BE1C-9EF0B5BB6AFC}.Release|x86.ActiveCfg = Release|Any CPU
		{41FBD9F2-4606-4102-BE1C-9EF0B5BB6AFC}.Release|x86.Build.0 = Release|Any CPU
	EndGlobalSection
	GlobalSection(SolutionProperties) = preSolution
		HideSolutionNode = FALSE
	EndGlobalSection
EndGlobal
